<?xml version="1.0" encoding="utf-8"?>
<Project ToolsVersion="4.0" xmlns="http://schemas.microsoft.com/developer/msbuild/2003">
  <ItemGroup>
    <Filter Include="源文件">
      <UniqueIdentifier>{4FC737F1-C7A5-4376-A066-2A32D752A2FF}</UniqueIdentifier>
      <Extensions>cpp;c;cc;cxx;c++;cppm;ixx;def;odl;idl;hpj;bat;asm;asmx</Extensions>
    </Filter>
    <Filter Include="头文件">
      <UniqueIdentifier>{93995380-89BD-4b04-88EB-625FBE52EBFB}</UniqueIdentifier>
      <Extensions>h;hh;hpp;hxx;h++;hm;inl;inc;ipp;xsd</Extensions>
    </Filter>
    <Filter Include="资源文件">
      <UniqueIdentifier>{67DA6AB6-F800-4c08-8B7A-83BB121AAD01}</UniqueIdentifier>
      <Extensions>rc;ico;cur;bmp;dlg;rc2;rct;bin;rgs;gif;jpg;jpeg;jpe;resx;tiff;tif;png;wav;mfcribbon-ms</Extensions>
    </Filter>
  </ItemGroup>
  <ItemGroup>
    <ClCompile Include="dllmain.cpp">
      <Filter>源文件</Filter>
    </ClCompile>
    <ClCompile Include="hooking\Hooks.cpp">
      <Filter>源文件</Filter>
    </ClCompile>
    <ClCompile Include="utils\Utility.cpp">
      <Filter>源文件</Filter>
    </ClCompile>
    <ClCompile Include="render\Renderer.cpp">
      <Filter>源文件</Filter>
    </ClCompile>
    <ClCompile Include="render\Gui.cpp">
      <Filter>源文件</Filter>
    </ClCompile>
    <ClCompile Include="bf-1\Frosbite.cpp">
      <Filter>源文件</Filter>
    </ClCompile>
    <ClCompile Include="bf-1\Obfuscationmanager.cpp">
      <Filter>源文件</Filter>
    </ClCompile>
    <ClCompile Include="feature\PlayerManager.cpp">
      <Filter>源文件</Filter>
    </ClCompile>
    <ClCompile Include="render\Sprite2d.cpp">
      <Filter>源文件</Filter>
    </ClCompile>
  </ItemGroup>
  <ItemGroup>
    <ClInclude Include="hooking\minhookcpp.h">
      <Filter>头文件</Filter>
    </ClInclude>
    <ClInclude Include="Global.h">
      <Filter>头文件</Filter>
    </ClInclude>
    <ClInclude Include="hooking\HookManager.h">
      <Filter>头文件</Filter>
    </ClInclude>
    <ClInclude Include="common.h">
      <Filter>头文件</Filter>
    </ClInclude>
    <ClInclude Include="Pointers.h">
      <Filter>头文件</Filter>
    </ClInclude>
    <ClInclude Include="utils\Singleton.h">
      <Filter>头文件</Filter>
    </ClInclude>
    <ClInclude Include="Logger.h">
      <Filter>头文件</Filter>
    </ClInclude>
    <ClInclude Include="memory\Pattern.h">
      <Filter>头文件</Filter>
    </ClInclude>
    <ClInclude Include="memory\Module.h">
      <Filter>头文件</Filter>
    </ClInclude>
    <ClInclude Include="utils\Utility.h">
      <Filter>头文件</Filter>
    </ClInclude>
    <ClInclude Include="utils\win_error.h">
      <Filter>头文件</Filter>
    </ClInclude>
    <ClInclude Include="render\Renderer.h">
      <Filter>头文件</Filter>
    </ClInclude>
    <ClInclude Include="render\Gui.h">
      <Filter>头文件</Filter>
    </ClInclude>
    <ClInclude Include="bf-1\Obfuscationmgr.h">
      <Filter>头文件</Filter>
    </ClInclude>
    <ClInclude Include="bf-1\Frosbite.h">
      <Filter>头文件</Filter>
    </ClInclude>
    <ClInclude Include="math\Vector.h">
      <Filter>头文件</Filter>
    </ClInclude>
    <ClInclude Include="Setting.h">
      <Filter>头文件</Filter>
    </ClInclude>
    <ClInclude Include="FileManager.h">
      <Filter>头文件</Filter>
    </ClInclude>
    <ClInclude Include="feature\PlayerManager.h">
      <Filter>头文件</Filter>
    </ClInclude>
    <ClInclude Include="render\Sprite2d.h">
      <Filter>头文件</Filter>
    </ClInclude>
    <ClInclude Include="feature\Esp.h">
      <Filter>头文件</Filter>
    </ClInclude>
    <ClInclude Include="feature\AimBot.h">
      <Filter>头文件</Filter>
    </ClInclude>
  </ItemGroup>
</Project>